
Microsoft Visual Studio Solution File, Format Version 12.00
# Visual Studio Version 16
VisualStudioVersion = 16.0.29201.188
MinimumVisualStudioVersion = 10.0.40219.1
Project("{2150E333-8FDC-42A3-9474-1A3956D46DE8}") = "src", "src", "{A8EA1A26-EA0A-4647-A69F-48204A7AA9A0}"
EndProject
Project("{2150E333-8FDC-42A3-9474-1A3956D46DE8}") = "examples", "examples", "{16DEE8FC-5EDE-42DF-9386-528F579C166D}"
EndProject
Project("{9A19103F-16F7-4668-BE54-9A1E7A4F7556}") = "EFCore.Sharding", "src\EFCore.Sharding\EFCore.Sharding.csproj", "{1981E3B3-8DC3-4AD9-98B2-938830B6E362}"
EndProject
Project("{9A19103F-16F7-4668-BE54-9A1E7A4F7556}") = "EFCore.Sharding.SqlServer", "src\EFCore.Sharding.SqlServer\EFCore.Sharding.SqlServer.csproj", "{8F1E59C0-C864-426F-940E-A07D4D465736}"
EndProject
Project("{9A19103F-16F7-4668-BE54-9A1E7A4F7556}") = "EFCore.Sharding.MySql", "src\EFCore.Sharding.MySql\EFCore.Sharding.MySql.csproj", "{93505066-D88B-4D1E-9392-49950D379AB7}"
EndProject
Project("{9A19103F-16F7-4668-BE54-9A1E7A4F7556}") = "EFCore.Sharding.PostgreSql", "src\EFCore.Sharding.PostgreSql\EFCore.Sharding.PostgreSql.csproj", "{D1505555-3D4F-4B41-9F90-397672AE195E}"
EndProject
Project("{9A19103F-16F7-4668-BE54-9A1E7A4F7556}") = "EFCore.Sharding.SQLite", "src\EFCore.Sharding.SQLite\EFCore.Sharding.SQLite.csproj", "{36C9698E-08C5-476F-8B11-70321E439149}"
EndProject
Project("{9A19103F-16F7-4668-BE54-9A1E7A4F7556}") = "Demo.AutoExpandByDate", "examples\Demo.AutoExpandByDate\Demo.AutoExpandByDate.csproj", "{DA38E2B9-5029-4608-B61A-095752B8E6CE}"
EndProject
Project("{9A19103F-16F7-4668-BE54-9A1E7A4F7556}") = "Demo.Performance", "examples\Demo.Performance\Demo.Performance.csproj", "{E8B34B9C-5599-45A3-9E49-2A8CAC36DF5B}"
EndProject
Project("{9A19103F-16F7-4668-BE54-9A1E7A4F7556}") = "EFCore.Sharding.Tests", "src\EFCore.Sharding.Tests\EFCore.Sharding.Tests.csproj", "{EA885C90-072C-4591-B8F9-784E709DF9AE}"
EndProject
Project("{9A19103F-16F7-4668-BE54-9A1E7A4F7556}") = "Demo.DI", "examples\Demo.DI\Demo.DI.csproj", "{3CDCE132-319A-4A45-A31A-6B1C1100A213}"
EndProject
Project("{9A19103F-16F7-4668-BE54-9A1E7A4F7556}") = "Demo.Web", "examples\Demo.Web\Demo.Web.csproj", "{C69EDE84-120A-4678-82C7-412D283DC53D}"
EndProject
Global
	GlobalSection(SolutionConfigurationPlatforms) = preSolution
		Debug|Any CPU = Debug|Any CPU
		Release|Any CPU = Release|Any CPU
	EndGlobalSection
	GlobalSection(ProjectConfigurationPlatforms) = postSolution
		{1981E3B3-8DC3-4AD9-98B2-938830B6E362}.Debug|Any CPU.ActiveCfg = Debug|Any CPU
		{1981E3B3-8DC3-4AD9-98B2-938830B6E362}.Debug|Any CPU.Build.0 = Debug|Any CPU
		{1981E3B3-8DC3-4AD9-98B2-938830B6E362}.Release|Any CPU.ActiveCfg = Release|Any CPU
		{1981E3B3-8DC3-4AD9-98B2-938830B6E362}.Release|Any CPU.Build.0 = Release|Any CPU
		{8F1E59C0-C864-426F-940E-A07D4D465736}.Debug|Any CPU.ActiveCfg = Debug|Any CPU
		{8F1E59C0-C864-426F-940E-A07D4D465736}.Debug|Any CPU.Build.0 = Debug|Any CPU
		{8F1E59C0-C864-426F-940E-A07D4D465736}.Release|Any CPU.ActiveCfg = Release|Any CPU
		{8F1E59C0-C864-426F-940E-A07D4D465736}.Release|Any CPU.Build.0 = Release|Any CPU
		{93505066-D88B-4D1E-9392-49950D379AB7}.Debug|Any CPU.ActiveCfg = Debug|Any CPU
		{93505066-D88B-4D1E-9392-49950D379AB7}.Debug|Any CPU.Build.0 = Debug|Any CPU
		{93505066-D88B-4D1E-9392-49950D379AB7}.Release|Any CPU.ActiveCfg = Release|Any CPU
		{93505066-D88B-4D1E-9392-49950D379AB7}.Release|Any CPU.Build.0 = Release|Any CPU
		{D1505555-3D4F-4B41-9F90-397672AE195E}.Debug|Any CPU.ActiveCfg = Debug|Any CPU
		{D1505555-3D4F-4B41-9F90-397672AE195E}.Debug|Any CPU.Build.0 = Debug|Any CPU
		{D1505555-3D4F-4B41-9F90-397672AE195E}.Release|Any CPU.ActiveCfg = Release|Any CPU
		{D1505555-3D4F-4B41-9F90-397672AE195E}.Release|Any CPU.Build.0 = Release|Any CPU
		{36C9698E-08C5-476F-8B11-70321E439149}.Debug|Any CPU.ActiveCfg = Debug|Any CPU
		{36C9698E-08C5-476F-8B11-70321E439149}.Debug|Any CPU.Build.0 = Debug|Any CPU
		{36C9698E-08C5-476F-8B11-70321E439149}.Release|Any CPU.ActiveCfg = Release|Any CPU
		{36C9698E-08C5-476F-8B11-70321E439149}.Release|Any CPU.Build.0 = Release|Any CPU
		{DA38E2B9-5029-4608-B61A-095752B8E6CE}.Debug|Any CPU.ActiveCfg = Debug|Any CPU
		{DA38E2B9-5029-4608-B61A-095752B8E6CE}.Debug|Any CPU.Build.0 = Debug|Any CPU
		{DA38E2B9-5029-4608-B61A-095752B8E6CE}.Release|Any CPU.ActiveCfg = Release|Any CPU
		{DA38E2B9-5029-4608-B61A-095752B8E6CE}.Release|Any CPU.Build.0 = Release|Any CPU
		{E8B34B9C-5599-45A3-9E49-2A8CAC36DF5B}.Debug|Any CPU.ActiveCfg = Debug|Any CPU
		{E8B34B9C-5599-45A3-9E49-2A8CAC36DF5B}.Debug|Any CPU.Build.0 = Debug|Any CPU
		{E8B34B9C-5599-45A3-9E49-2A8CAC36DF5B}.Release|Any CPU.ActiveCfg = Release|Any CPU
		{E8B34B9C-5599-45A3-9E49-2A8CAC36DF5B}.Release|Any CPU.Build.0 = Release|Any CPU
		{EA885C90-072C-4591-B8F9-784E709DF9AE}.Debug|Any CPU.ActiveCfg = Debug|Any CPU
		{EA885C90-072C-4591-B8F9-784E709DF9AE}.Debug|Any CPU.Build.0 = Debug|Any CPU
		{EA885C90-072C-4591-B8F9-784E709DF9AE}.Release|Any CPU.ActiveCfg = Release|Any CPU
		{EA885C90-072C-4591-B8F9-784E709DF9AE}.Release|Any CPU.Build.0 = Release|Any CPU
		{3CDCE132-319A-4A45-A31A-6B1C1100A213}.Debug|Any CPU.ActiveCfg = Debug|Any CPU
		{3CDCE132-319A-4A45-A31A-6B1C1100A213}.Debug|Any CPU.Build.0 = Debug|Any CPU
		{3CDCE132-319A-4A45-A31A-6B1C1100A213}.Release|Any CPU.ActiveCfg = Release|Any CPU
		{3CDCE132-319A-4A45-A31A-6B1C1100A213}.Release|Any CPU.Build.0 = Release|Any CPU
		{C69EDE84-120A-4678-82C7-412D283DC53D}.Debug|Any CPU.ActiveCfg = Debug|Any CPU
		{C69EDE84-120A-4678-82C7-412D283DC53D}.Debug|Any CPU.Build.0 = Debug|Any CPU
		{C69EDE84-120A-4678-82C7-412D283DC53D}.Release|Any CPU.ActiveCfg = Release|Any CPU
		{C69EDE84-120A-4678-82C7-412D283DC53D}.Release|Any CPU.Build.0 = Release|Any CPU
	EndGlobalSection
	GlobalSection(SolutionProperties) = preSolution
		HideSolutionNode = FALSE
	EndGlobalSection
	GlobalSection(NestedProjects) = preSolution
		{1981E3B3-8DC3-4AD9-98B2-938830B6E362} = {A8EA1A26-EA0A-4647-A69F-48204A7AA9A0}
		{8F1E59C0-C864-426F-940E-A07D4D465736} = {A8EA1A26-EA0A-4647-A69F-48204A7AA9A0}
		{93505066-D88B-4D1E-9392-49950D379AB7} = {A8EA1A26-EA0A-4647-A69F-48204A7AA9A0}
		{D1505555-3D4F-4B41-9F90-397672AE195E} = {A8EA1A26-EA0A-4647-A69F-48204A7AA9A0}
		{36C9698E-08C5-476F-8B11-70321E439149} = {A8EA1A26-EA0A-4647-A69F-48204A7AA9A0}
		{DA38E2B9-5029-4608-B61A-095752B8E6CE} = {16DEE8FC-5EDE-42DF-9386-528F579C166D}
		{E8B34B9C-5599-45A3-9E49-2A8CAC36DF5B} = {16DEE8FC-5EDE-42DF-9386-528F579C166D}
		{EA885C90-072C-4591-B8F9-784E709DF9AE} = {A8EA1A26-EA0A-4647-A69F-48204A7AA9A0}
		{3CDCE132-319A-4A45-A31A-6B1C1100A213} = {16DEE8FC-5EDE-42DF-9386-528F579C166D}
		{C69EDE84-120A-4678-82C7-412D283DC53D} = {16DEE8FC-5EDE-42DF-9386-528F579C166D}
	EndGlobalSection
	GlobalSection(ExtensibilityGlobals) = postSolution
		SolutionGuid = {777B6C86-08A0-4823-83C5-4DE00B557828}
	EndGlobalSection
EndGlobal
