
Microsoft Visual Studio Solution File, Format Version 12.00
# Visual Studio Version 17
VisualStudioVersion = 17.0.31521.260
MinimumVisualStudioVersion = 10.0.40219.1
Project("{2150E333-8FDC-42A3-9474-1A3956D46DE8}") = "src", "src", "{A8EA1A26-EA0A-4647-A69F-48204A7AA9A0}"
EndProject
Project("{2150E333-8FDC-42A3-9474-1A3956D46DE8}") = "examples", "examples", "{16DEE8FC-5EDE-42DF-9386-528F579C166D}"
EndProject
Project("{9A19103F-16F7-4668-BE54-9A1E7A4F7556}") = "EFCore.Sharding", "src\EFCore.Sharding\EFCore.Sharding.csproj", "{1981E3B3-8DC3-4AD9-98B2-938830B6E362}"
EndProject
Project("{9A19103F-16F7-4668-BE54-9A1E7A4F7556}") = "EFCore.Sharding.SqlServer", "src\EFCore.Sharding.SqlServer\EFCore.Sharding.SqlServer.csproj", "{8F1E59C0-C864-426F-940E-A07D4D465736}"
EndProject
Project("{9A19103F-16F7-4668-BE54-9A1E7A4F7556}") = "EFCore.Sharding.MySql", "src\EFCore.Sharding.MySql\EFCore.Sharding.MySql.csproj", "{93505066-D88B-4D1E-9392-49950D379AB7}"
EndProject
Project("{9A19103F-16F7-4668-BE54-9A1E7A4F7556}") = "EFCore.Sharding.PostgreSql", "src\EFCore.Sharding.PostgreSql\EFCore.Sharding.PostgreSql.csproj", "{D1505555-3D4F-4B41-9F90-397672AE195E}"
EndProject
Project("{9A19103F-16F7-4668-BE54-9A1E7A4F7556}") = "EFCore.Sharding.SQLite", "src\EFCore.Sharding.SQLite\EFCore.Sharding.SQLite.csproj", "{36C9698E-08C5-476F-8B11-70321E439149}"
EndProject
Project("{9A19103F-16F7-4668-BE54-9A1E7A4F7556}") = "EFCore.Sharding.Tests", "src\EFCore.Sharding.Tests\EFCore.Sharding.Tests.csproj", "{EA885C90-072C-4591-B8F9-784E709DF9AE}"
EndProject
Project("{9A19103F-16F7-4668-BE54-9A1E7A4F7556}") = "Demo.Performance", "examples\Demo.Performance\Demo.Performance.csproj", "{E47126C7-7B5B-4889-972E-3B6B4DB0335A}"
EndProject
Project("{9A19103F-16F7-4668-BE54-9A1E7A4F7556}") = "Demo.HelloWorld", "examples\Demo.HelloWorld\Demo.HelloWorld.csproj", "{5E7C953F-88C0-4408-A1F6-4E36FE94791A}"
EndProject
Project("{9A19103F-16F7-4668-BE54-9A1E7A4F7556}") = "Demo.DateSharding", "examples\Demo.DateSharding\Demo.DateSharding.csproj", "{24489CA3-CF39-4B95-828E-BE95258251EB}"
EndProject
Project("{9A19103F-16F7-4668-BE54-9A1E7A4F7556}") = "Demo.ModSharding", "examples\Demo.ModSharding\Demo.ModSharding.csproj", "{DE52D2B9-9A6E-41E8-8DA4-576F34EFFFFC}"
EndProject
Project("{9A19103F-16F7-4668-BE54-9A1E7A4F7556}") = "Demo.ReadWrite", "examples\Demo.ReadWrite\Demo.ReadWrite.csproj", "{35C78CEB-C398-4FA8-885E-CC926F897924}"
EndProject
Project("{9A19103F-16F7-4668-BE54-9A1E7A4F7556}") = "EFCore.Sharding.Oracle", "src\EFCore.Sharding.Oracle\EFCore.Sharding.Oracle.csproj", "{42C58FAE-AFCC-437F-9225-6AF4A47DFBB3}"
EndProject
Project("{9A19103F-16F7-4668-BE54-9A1E7A4F7556}") = "Demo.DbMigrator", "examples\Demo.DbMigrator\Demo.DbMigrator.csproj", "{1E3EFDCE-9270-4C97-9EFF-A5B6C8F9D33A}"
EndProject
Project("{2150E333-8FDC-42A3-9474-1A3956D46DE8}") = ".solution", ".solution", "{5CC4A913-8F64-4071-8887-FE552928D2D9}"
	ProjectSection(SolutionItems) = preProject
		.gitattributes = .gitattributes
		.gitignore = .gitignore
		clear.bat = clear.bat
		Directory.Build.props = Directory.Build.props
		gitversion.yml = gitversion.yml
		global.json = global.json
		LICENSE = LICENSE
		README.md = README.md
	EndProjectSection
EndProject
Global
	GlobalSection(SolutionConfigurationPlatforms) = preSolution
		Debug|Any CPU = Debug|Any CPU
		Release|Any CPU = Release|Any CPU
	EndGlobalSection
	GlobalSection(ProjectConfigurationPlatforms) = postSolution
		{1981E3B3-8DC3-4AD9-98B2-938830B6E362}.Debug|Any CPU.ActiveCfg = Debug|Any CPU
		{1981E3B3-8DC3-4AD9-98B2-938830B6E362}.Debug|Any CPU.Build.0 = Debug|Any CPU
		{1981E3B3-8DC3-4AD9-98B2-938830B6E362}.Release|Any CPU.ActiveCfg = Release|Any CPU
		{1981E3B3-8DC3-4AD9-98B2-938830B6E362}.Release|Any CPU.Build.0 = Release|Any CPU
		{8F1E59C0-C864-426F-940E-A07D4D465736}.Debug|Any CPU.ActiveCfg = Debug|Any CPU
		{8F1E59C0-C864-426F-940E-A07D4D465736}.Debug|Any CPU.Build.0 = Debug|Any CPU
		{8F1E59C0-C864-426F-940E-A07D4D465736}.Release|Any CPU.ActiveCfg = Release|Any CPU
		{8F1E59C0-C864-426F-940E-A07D4D465736}.Release|Any CPU.Build.0 = Release|Any CPU
		{93505066-D88B-4D1E-9392-49950D379AB7}.Debug|Any CPU.ActiveCfg = Debug|Any CPU
		{93505066-D88B-4D1E-9392-49950D379AB7}.Debug|Any CPU.Build.0 = Debug|Any CPU
		{93505066-D88B-4D1E-9392-49950D379AB7}.Release|Any CPU.ActiveCfg = Release|Any CPU
		{93505066-D88B-4D1E-9392-49950D379AB7}.Release|Any CPU.Build.0 = Release|Any CPU
		{D1505555-3D4F-4B41-9F90-397672AE195E}.Debug|Any CPU.ActiveCfg = Debug|Any CPU
		{D1505555-3D4F-4B41-9F90-397672AE195E}.Debug|Any CPU.Build.0 = Debug|Any CPU
		{D1505555-3D4F-4B41-9F90-397672AE195E}.Release|Any CPU.ActiveCfg = Release|Any CPU
		{D1505555-3D4F-4B41-9F90-397672AE195E}.Release|Any CPU.Build.0 = Release|Any CPU
		{36C9698E-08C5-476F-8B11-70321E439149}.Debug|Any CPU.ActiveCfg = Debug|Any CPU
		{36C9698E-08C5-476F-8B11-70321E439149}.Debug|Any CPU.Build.0 = Debug|Any CPU
		{36C9698E-08C5-476F-8B11-70321E439149}.Release|Any CPU.ActiveCfg = Release|Any CPU
		{36C9698E-08C5-476F-8B11-70321E439149}.Release|Any CPU.Build.0 = Release|Any CPU
		{EA885C90-072C-4591-B8F9-784E709DF9AE}.Debug|Any CPU.ActiveCfg = Debug|Any CPU
		{EA885C90-072C-4591-B8F9-784E709DF9AE}.Debug|Any CPU.Build.0 = Debug|Any CPU
		{EA885C90-072C-4591-B8F9-784E709DF9AE}.Release|Any CPU.ActiveCfg = Release|Any CPU
		{EA885C90-072C-4591-B8F9-784E709DF9AE}.Release|Any CPU.Build.0 = Release|Any CPU
		{E47126C7-7B5B-4889-972E-3B6B4DB0335A}.Debug|Any CPU.ActiveCfg = Debug|Any CPU
		{E47126C7-7B5B-4889-972E-3B6B4DB0335A}.Debug|Any CPU.Build.0 = Debug|Any CPU
		{E47126C7-7B5B-4889-972E-3B6B4DB0335A}.Release|Any CPU.ActiveCfg = Release|Any CPU
		{E47126C7-7B5B-4889-972E-3B6B4DB0335A}.Release|Any CPU.Build.0 = Release|Any CPU
		{5E7C953F-88C0-4408-A1F6-4E36FE94791A}.Debug|Any CPU.ActiveCfg = Debug|Any CPU
		{5E7C953F-88C0-4408-A1F6-4E36FE94791A}.Debug|Any CPU.Build.0 = Debug|Any CPU
		{5E7C953F-88C0-4408-A1F6-4E36FE94791A}.Release|Any CPU.ActiveCfg = Release|Any CPU
		{5E7C953F-88C0-4408-A1F6-4E36FE94791A}.Release|Any CPU.Build.0 = Release|Any CPU
		{24489CA3-CF39-4B95-828E-BE95258251EB}.Debug|Any CPU.ActiveCfg = Debug|Any CPU
		{24489CA3-CF39-4B95-828E-BE95258251EB}.Debug|Any CPU.Build.0 = Debug|Any CPU
		{24489CA3-CF39-4B95-828E-BE95258251EB}.Release|Any CPU.ActiveCfg = Release|Any CPU
		{24489CA3-CF39-4B95-828E-BE95258251EB}.Release|Any CPU.Build.0 = Release|Any CPU
		{DE52D2B9-9A6E-41E8-8DA4-576F34EFFFFC}.Debug|Any CPU.ActiveCfg = Debug|Any CPU
		{DE52D2B9-9A6E-41E8-8DA4-576F34EFFFFC}.Debug|Any CPU.Build.0 = Debug|Any CPU
		{DE52D2B9-9A6E-41E8-8DA4-576F34EFFFFC}.Release|Any CPU.ActiveCfg = Release|Any CPU
		{DE52D2B9-9A6E-41E8-8DA4-576F34EFFFFC}.Release|Any CPU.Build.0 = Release|Any CPU
		{35C78CEB-C398-4FA8-885E-CC926F897924}.Debug|Any CPU.ActiveCfg = Debug|Any CPU
		{35C78CEB-C398-4FA8-885E-CC926F897924}.Debug|Any CPU.Build.0 = Debug|Any CPU
		{35C78CEB-C398-4FA8-885E-CC926F897924}.Release|Any CPU.ActiveCfg = Release|Any CPU
		{35C78CEB-C398-4FA8-885E-CC926F897924}.Release|Any CPU.Build.0 = Release|Any CPU
		{42C58FAE-AFCC-437F-9225-6AF4A47DFBB3}.Debug|Any CPU.ActiveCfg = Debug|Any CPU
		{42C58FAE-AFCC-437F-9225-6AF4A47DFBB3}.Debug|Any CPU.Build.0 = Debug|Any CPU
		{42C58FAE-AFCC-437F-9225-6AF4A47DFBB3}.Release|Any CPU.ActiveCfg = Release|Any CPU
		{42C58FAE-AFCC-437F-9225-6AF4A47DFBB3}.Release|Any CPU.Build.0 = Release|Any CPU
		{1E3EFDCE-9270-4C97-9EFF-A5B6C8F9D33A}.Debug|Any CPU.ActiveCfg = Debug|Any CPU
		{1E3EFDCE-9270-4C97-9EFF-A5B6C8F9D33A}.Debug|Any CPU.Build.0 = Debug|Any CPU
		{1E3EFDCE-9270-4C97-9EFF-A5B6C8F9D33A}.Release|Any CPU.ActiveCfg = Release|Any CPU
		{1E3EFDCE-9270-4C97-9EFF-A5B6C8F9D33A}.Release|Any CPU.Build.0 = Release|Any CPU
	EndGlobalSection
	GlobalSection(SolutionProperties) = preSolution
		HideSolutionNode = FALSE
	EndGlobalSection
	GlobalSection(NestedProjects) = preSolution
		{1981E3B3-8DC3-4AD9-98B2-938830B6E362} = {A8EA1A26-EA0A-4647-A69F-48204A7AA9A0}
		{8F1E59C0-C864-426F-940E-A07D4D465736} = {A8EA1A26-EA0A-4647-A69F-48204A7AA9A0}
		{93505066-D88B-4D1E-9392-49950D379AB7} = {A8EA1A26-EA0A-4647-A69F-48204A7AA9A0}
		{D1505555-3D4F-4B41-9F90-397672AE195E} = {A8EA1A26-EA0A-4647-A69F-48204A7AA9A0}
		{36C9698E-08C5-476F-8B11-70321E439149} = {A8EA1A26-EA0A-4647-A69F-48204A7AA9A0}
		{EA885C90-072C-4591-B8F9-784E709DF9AE} = {A8EA1A26-EA0A-4647-A69F-48204A7AA9A0}
		{E47126C7-7B5B-4889-972E-3B6B4DB0335A} = {16DEE8FC-5EDE-42DF-9386-528F579C166D}
		{5E7C953F-88C0-4408-A1F6-4E36FE94791A} = {16DEE8FC-5EDE-42DF-9386-528F579C166D}
		{24489CA3-CF39-4B95-828E-BE95258251EB} = {16DEE8FC-5EDE-42DF-9386-528F579C166D}
		{DE52D2B9-9A6E-41E8-8DA4-576F34EFFFFC} = {16DEE8FC-5EDE-42DF-9386-528F579C166D}
		{35C78CEB-C398-4FA8-885E-CC926F897924} = {16DEE8FC-5EDE-42DF-9386-528F579C166D}
		{42C58FAE-AFCC-437F-9225-6AF4A47DFBB3} = {A8EA1A26-EA0A-4647-A69F-48204A7AA9A0}
		{1E3EFDCE-9270-4C97-9EFF-A5B6C8F9D33A} = {16DEE8FC-5EDE-42DF-9386-528F579C166D}
	EndGlobalSection
	GlobalSection(ExtensibilityGlobals) = postSolution
		SolutionGuid = {777B6C86-08A0-4823-83C5-4DE00B557828}
	EndGlobalSection
EndGlobal
